// !$*UTF8*$!
{
	archiveVersion = 1;
	classes = {
	};
	objectVersion = 55;
	objects = {

/* Begin PBXBuildFile section */
		608ED69B277936CE00E94BD7 /* OrtisApp.swift in Sources */ = {isa = PBXBuildFile; fileRef = 608ED69A277936CE00E94BD7 /* OrtisApp.swift */; };
		608ED69D277936CE00E94BD7 /* ContentView.swift in Sources */ = {isa = PBXBuildFile; fileRef = 608ED69C277936CE00E94BD7 /* ContentView.swift */; };
		608ED69F277936CE00E94BD7 /* Assets.xcassets in Resources */ = {isa = PBXBuildFile; fileRef = 608ED69E277936CE00E94BD7 /* Assets.xcassets */; };
		608ED6A2277936CE00E94BD7 /* Preview Assets.xcassets in Resources */ = {isa = PBXBuildFile; fileRef = 608ED6A1277936CE00E94BD7 /* Preview Assets.xcassets */; };
		608ED6A92779373F00E94BD7 /* ViewController.swift in Sources */ = {isa = PBXBuildFile; fileRef = 608ED6A82779373F00E94BD7 /* ViewController.swift */; };
		608ED6AB277D469600E94BD7 /* User.swift in Sources */ = {isa = PBXBuildFile; fileRef = 608ED6AA277D469600E94BD7 /* User.swift */; };
		608ED6C2277D5D3A00E94BD7 /* LaunchScreen.storyboard in Resources */ = {isa = PBXBuildFile; fileRef = 608ED6C1277D5D3A00E94BD7 /* LaunchScreen.storyboard */; };
		608ED6C6277D5EFE00E94BD7 /* Ortis logo.png in Resources */ = {isa = PBXBuildFile; fileRef = 608ED6C5277D5EFE00E94BD7 /* Ortis logo.png */; };
		608ED6CA277E479C00E94BD7 /* MainMenuView.swift in Sources */ = {isa = PBXBuildFile; fileRef = 608ED6C9277E479C00E94BD7 /* MainMenuView.swift */; };
		608ED6CC277E4A3900E94BD7 /* HomeButton.swift in Sources */ = {isa = PBXBuildFile; fileRef = 608ED6CB277E4A3900E94BD7 /* HomeButton.swift */; };
		608ED6CF277E4CA400E94BD7 /* PostButton.swift in Sources */ = {isa = PBXBuildFile; fileRef = 608ED6CE277E4CA400E94BD7 /* PostButton.swift */; };
		608ED6D1277E4D3400E94BD7 /* ProfileButton.swift in Sources */ = {isa = PBXBuildFile; fileRef = 608ED6D0277E4D3400E94BD7 /* ProfileButton.swift */; };
		608ED6D3277E4DBD00E94BD7 /* BottomBar.swift in Sources */ = {isa = PBXBuildFile; fileRef = 608ED6D2277E4DBD00E94BD7 /* BottomBar.swift */; };
		608ED6D5277E562F00E94BD7 /* UsersView.swift in Sources */ = {isa = PBXBuildFile; fileRef = 608ED6D4277E562F00E94BD7 /* UsersView.swift */; };
/* End PBXBuildFile section */

/* Begin PBXFileReference section */
		608ED697277936CE00E94BD7 /* Ortis.app */ = {isa = PBXFileReference; explicitFileType = wrapper.application; includeInIndex = 0; path = Ortis.app; sourceTree = BUILT_PRODUCTS_DIR; };
		608ED69A277936CE00E94BD7 /* OrtisApp.swift */ = {isa = PBXFileReference; lastKnownFileType = sourcecode.swift; path = OrtisApp.swift; sourceTree = "<group>"; };
		608ED69C277936CE00E94BD7 /* ContentView.swift */ = {isa = PBXFileReference; lastKnownFileType = sourcecode.swift; path = ContentView.swift; sourceTree = "<group>"; };
		608ED69E277936CE00E94BD7 /* Assets.xcassets */ = {isa = PBXFileReference; lastKnownFileType = folder.assetcatalog; path = Assets.xcassets; sourceTree = "<group>"; };
		608ED6A1277936CE00E94BD7 /* Preview Assets.xcassets */ = {isa = PBXFileReference; lastKnownFileType = folder.assetcatalog; path = "Preview Assets.xcassets"; sourceTree = "<group>"; };
		608ED6A82779373F00E94BD7 /* ViewController.swift */ = {isa = PBXFileReference; lastKnownFileType = sourcecode.swift; path = ViewController.swift; sourceTree = "<group>"; };
		608ED6AA277D469600E94BD7 /* User.swift */ = {isa = PBXFileReference; lastKnownFileType = sourcecode.swift; path = User.swift; sourceTree = "<group>"; };
		608ED6C1277D5D3A00E94BD7 /* LaunchScreen.storyboard */ = {isa = PBXFileReference; lastKnownFileType = file.storyboard; path = LaunchScreen.storyboard; sourceTree = "<group>"; };
		608ED6C5277D5EFE00E94BD7 /* Ortis logo.png */ = {isa = PBXFileReference; lastKnownFileType = image.png; name = "Ortis logo.png"; path = "../../Downloads/Ortis logo.png"; sourceTree = "<group>"; };
		608ED6C9277E479C00E94BD7 /* MainMenuView.swift */ = {isa = PBXFileReference; lastKnownFileType = sourcecode.swift; path = MainMenuView.swift; sourceTree = "<group>"; };
		608ED6CB277E4A3900E94BD7 /* HomeButton.swift */ = {isa = PBXFileReference; lastKnownFileType = sourcecode.swift; path = HomeButton.swift; sourceTree = "<group>"; };
		608ED6CE277E4CA400E94BD7 /* PostButton.swift */ = {isa = PBXFileReference; lastKnownFileType = sourcecode.swift; path = PostButton.swift; sourceTree = "<group>"; };
		608ED6D0277E4D3400E94BD7 /* ProfileButton.swift */ = {isa = PBXFileReference; lastKnownFileType = sourcecode.swift; path = ProfileButton.swift; sourceTree = "<group>"; };
		608ED6D2277E4DBD00E94BD7 /* BottomBar.swift */ = {isa = PBXFileReference; lastKnownFileType = sourcecode.swift; path = BottomBar.swift; sourceTree = "<group>"; };
		608ED6D4277E562F00E94BD7 /* UsersView.swift */ = {isa = PBXFileReference; lastKnownFileType = sourcecode.swift; path = UsersView.swift; sourceTree = "<group>"; };
/* End PBXFileReference section */

/* Begin PBXFrameworksBuildPhase section */
		608ED694277936CD00E94BD7 /* Frameworks */ = {
			isa = PBXFrameworksBuildPhase;
			buildActionMask = 2147483647;
			files = (
			);
			runOnlyForDeploymentPostprocessing = 0;
		};
/* End PBXFrameworksBuildPhase section */

/* Begin PBXGroup section */
		608ED68E277936CD00E94BD7 = {
			isa = PBXGroup;
			children = (
				608ED699277936CE00E94BD7 /* Ortis */,
				608ED698277936CE00E94BD7 /* Products */,
			);
			sourceTree = "<group>";
		};
		608ED698277936CE00E94BD7 /* Products */ = {
			isa = PBXGroup;
			children = (
				608ED697277936CE00E94BD7 /* Ortis.app */,
			);
			name = Products;
			sourceTree = "<group>";
		};
		608ED699277936CE00E94BD7 /* Ortis */ = {
			isa = PBXGroup;
			children = (
				608ED69A277936CE00E94BD7 /* OrtisApp.swift */,
				608ED69E277936CE00E94BD7 /* Assets.xcassets */,
				608ED6C5277D5EFE00E94BD7 /* Ortis logo.png */,
				608ED6C0277D5CE500E94BD7 /* Views */,
				608ED6A0277936CE00E94BD7 /* Preview Content */,
				608ED6AA277D469600E94BD7 /* User.swift */,
				608ED6CD277E4C7800E94BD7 /* Images */,
			);
			path = Ortis;
			sourceTree = "<group>";
		};
		608ED6A0277936CE00E94BD7 /* Preview Content */ = {
			isa = PBXGroup;
			children = (
				608ED6A1277936CE00E94BD7 /* Preview Assets.xcassets */,
			);
			path = "Preview Content";
			sourceTree = "<group>";
		};
		608ED6C0277D5CE500E94BD7 /* Views */ = {
			isa = PBXGroup;
			children = (
				608ED69C277936CE00E94BD7 /* ContentView.swift */,
				608ED6A82779373F00E94BD7 /* ViewController.swift */,
				608ED6C1277D5D3A00E94BD7 /* LaunchScreen.storyboard */,
				608ED6C9277E479C00E94BD7 /* MainMenuView.swift */,
				608ED6D4277E562F00E94BD7 /* UsersView.swift */,
			);
			path = Views;
			sourceTree = "<group>";
		};
		608ED6CD277E4C7800E94BD7 /* Images */ = {
			isa = PBXGroup;
			children = (
				608ED6CB277E4A3900E94BD7 /* HomeButton.swift */,
				608ED6CE277E4CA400E94BD7 /* PostButton.swift */,
				608ED6D0277E4D3400E94BD7 /* ProfileButton.swift */,
				608ED6D2277E4DBD00E94BD7 /* BottomBar.swift */,
			);
			path = Images;
			sourceTree = "<group>";
		};
/* End PBXGroup section */

/* Begin PBXNativeTarget section */
		608ED696277936CD00E94BD7 /* Ortis */ = {
			isa = PBXNativeTarget;
			buildConfigurationList = 608ED6A5277936CE00E94BD7 /* Build configuration list for PBXNativeTarget "Ortis" */;
			buildPhases = (
				608ED693277936CD00E94BD7 /* Sources */,
				608ED694277936CD00E94BD7 /* Frameworks */,
				608ED695277936CD00E94BD7 /* Resources */,
			);
			buildRules = (
			);
			dependencies = (
			);
			name = Ortis;
			productName = Ortis;
			productReference = 608ED697277936CE00E94BD7 /* Ortis.app */;
			productType = "com.apple.product-type.application";
		};
/* End PBXNativeTarget section */

/* Begin PBXProject section */
		608ED68F277936CD00E94BD7 /* Project object */ = {
			isa = PBXProject;
			attributes = {
				BuildIndependentTargetsInParallel = 1;
				LastSwiftUpdateCheck = 1320;
				LastUpgradeCheck = 1320;
				TargetAttributes = {
					608ED696277936CD00E94BD7 = {
						CreatedOnToolsVersion = 13.2.1;
					};
				};
			};
			buildConfigurationList = 608ED692277936CD00E94BD7 /* Build configuration list for PBXProject "Ortis" */;
			compatibilityVersion = "Xcode 13.0";
			developmentRegion = en;
			hasScannedForEncodings = 0;
			knownRegions = (
				en,
				Base,
			);
			mainGroup = 608ED68E277936CD00E94BD7;
			productRefGroup = 608ED698277936CE00E94BD7 /* Products */;
			projectDirPath = "";
			projectRoot = "";
			targets = (
				608ED696277936CD00E94BD7 /* Ortis */,
			);
		};
/* End PBXProject section */

/* Begin PBXResourcesBuildPhase section */
		608ED695277936CD00E94BD7 /* Resources */ = {
			isa = PBXResourcesBuildPhase;
			buildActionMask = 2147483647;
			files = (
				608ED6C2277D5D3A00E94BD7 /* LaunchScreen.storyboard in Resources */,
				608ED6A2277936CE00E94BD7 /* Preview Assets.xcassets in Resources */,
				608ED69F277936CE00E94BD7 /* Assets.xcassets in Resources */,
				608ED6C6277D5EFE00E94BD7 /* Ortis logo.png in Resources */,
			);
			runOnlyForDeploymentPostprocessing = 0;
		};
/* End PBXResourcesBuildPhase section */

/* Begin PBXSourcesBuildPhase section */
		608ED693277936CD00E94BD7 /* Sources */ = {
			isa = PBXSourcesBuildPhase;
			buildActionMask = 2147483647;
			files = (
				608ED6CA277E479C00E94BD7 /* MainMenuView.swift in Sources */,
				608ED6CC277E4A3900E94BD7 /* HomeButton.swift in Sources */,
				608ED6D3277E4DBD00E94BD7 /* BottomBar.swift in Sources */,
				608ED6AB277D469600E94BD7 /* User.swift in Sources */,
				608ED6D1277E4D3400E94BD7 /* ProfileButton.swift in Sources */,
				608ED6D5277E562F00E94BD7 /* UsersView.swift in Sources */,
				608ED6A92779373F00E94BD7 /* ViewController.swift in Sources */,
				608ED6CF277E4CA400E94BD7 /* PostButton.swift in Sources */,
				608ED69D277936CE00E94BD7 /* ContentView.swift in Sources */,
				608ED69B277936CE00E94BD7 /* OrtisApp.swift in Sources */,
			);
			runOnlyForDeploymentPostprocessing = 0;
		};
/* End PBXSourcesBuildPhase section */

/* Begin XCBuildConfiguration section */
		608ED6A3277936CE00E94BD7 /* Debug */ = {
			isa = XCBuildConfiguration;
			buildSettings = {
				ALWAYS_SEARCH_USER_PATHS = NO;
				CLANG_ANALYZER_NONNULL = YES;
				CLANG_ANALYZER_NUMBER_OBJECT_CONVERSION = YES_AGGRESSIVE;
				CLANG_CXX_LANGUAGE_STANDARD = "gnu++17";
				CLANG_CXX_LIBRARY = "libc++";
				CLANG_ENABLE_MODULES = YES;
				CLANG_ENABLE_OBJC_ARC = YES;
				CLANG_ENABLE_OBJC_WEAK = YES;
				CLANG_WARN_BLOCK_CAPTURE_AUTORELEASING = YES;
				CLANG_WARN_BOOL_CONVERSION = YES;
				CLANG_WARN_COMMA = YES;
				CLANG_WARN_CONSTANT_CONVERSION = YES;
				CLANG_WARN_DEPRECATED_OBJC_IMPLEMENTATIONS = YES;
				CLANG_WARN_DIRECT_OBJC_ISA_USAGE = YES_ERROR;
				CLANG_WARN_DOCUMENTATION_COMMENTS = YES;
				CLANG_WARN_EMPTY_BODY = YES;
				CLANG_WARN_ENUM_CONVERSION = YES;
				CLANG_WARN_INFINITE_RECURSION = YES;
				CLANG_WARN_INT_CONVERSION = YES;
				CLANG_WARN_NON_LITERAL_NULL_CONVERSION = YES;
				CLANG_WARN_OBJC_IMPLICIT_RETAIN_SELF = YES;
				CLANG_WARN_OBJC_LITERAL_CONVERSION = YES;
				CLANG_WARN_OBJC_ROOT_CLASS = YES_ERROR;
				CLANG_WARN_QUOTED_INCLUDE_IN_FRAMEWORK_HEADER = YES;
				CLANG_WARN_RANGE_LOOP_ANALYSIS = YES;
				CLANG_WARN_STRICT_PROTOTYPES = YES;
				CLANG_WARN_SUSPICIOUS_MOVE = YES;
				CLANG_WARN_UNGUARDED_AVAILABILITY = YES_AGGRESSIVE;
				CLANG_WARN_UNREACHABLE_CODE = YES;
				CLANG_WARN__DUPLICATE_METHOD_MATCH = YES;
				COPY_PHASE_STRIP = NO;
				DEBUG_INFORMATION_FORMAT = dwarf;
				ENABLE_STRICT_OBJC_MSGSEND = YES;
				ENABLE_TESTABILITY = YES;
				GCC_C_LANGUAGE_STANDARD = gnu11;
				GCC_DYNAMIC_NO_PIC = NO;
				GCC_NO_COMMON_BLOCKS = YES;
				GCC_OPTIMIZATION_LEVEL = 0;
				GCC_PREPROCESSOR_DEFINITIONS = (
					"DEBUG=1",
					"$(inherited)",
				);
				GCC_WARN_64_TO_32_BIT_CONVERSION = YES;
				GCC_WARN_ABOUT_RETURN_TYPE = YES_ERROR;
				GCC_WARN_UNDECLARED_SELECTOR = YES;
				GCC_WARN_UNINITIALIZED_AUTOS = YES_AGGRESSIVE;
				GCC_WARN_UNUSED_FUNCTION = YES;
				GCC_WARN_UNUSED_VARIABLE = YES;
				IPHONEOS_DEPLOYMENT_TARGET = 15.2;
				MTL_ENABLE_DEBUG_INFO = INCLUDE_SOURCE;
				MTL_FAST_MATH = YES;
				ONLY_ACTIVE_ARCH = YES;
				SDKROOT = iphoneos;
				SWIFT_ACTIVE_COMPILATION_CONDITIONS = DEBUG;
				SWIFT_OPTIMIZATION_LEVEL = "-Onone";
			};
			name = Debug;
		};
		608ED6A4277936CE00E94BD7 /* Release */ = {
			isa = XCBuildConfiguration;
			buildSettings = {
				ALWAYS_SEARCH_USER_PATHS = NO;
				CLANG_ANALYZER_NONNULL = YES;
				CLANG_ANALYZER_NUMBER_OBJECT_CONVERSION = YES_AGGRESSIVE;
				CLANG_CXX_LANGUAGE_STANDARD = "gnu++17";
				CLANG_CXX_LIBRARY = "libc++";
				CLANG_ENABLE_MODULES = YES;
				CLANG_ENABLE_OBJC_ARC = YES;
				CLANG_ENABLE_OBJC_WEAK = YES;
				CLANG_WARN_BLOCK_CAPTURE_AUTORELEASING = YES;
				CLANG_WARN_BOOL_CONVERSION = YES;
				CLANG_WARN_COMMA = YES;
				CLANG_WARN_CONSTANT_CONVERSION = YES;
				CLANG_WARN_DEPRECATED_OBJC_IMPLEMENTATIONS = YES;
				CLANG_WARN_DIRECT_OBJC_ISA_USAGE = YES_ERROR;
				CLANG_WARN_DOCUMENTATION_COMMENTS = YES;
				CLANG_WARN_EMPTY_BODY = YES;
				CLANG_WARN_ENUM_CONVERSION = YES;
				CLANG_WARN_INFINITE_RECURSION = YES;
				CLANG_WARN_INT_CONVERSION = YES;
				CLANG_WARN_NON_LITERAL_NULL_CONVERSION = YES;
				CLANG_WARN_OBJC_IMPLICIT_RETAIN_SELF = YES;
				CLANG_WARN_OBJC_LITERAL_CONVERSION = YES;
				CLANG_WARN_OBJC_ROOT_CLASS = YES_ERROR;
				CLANG_WARN_QUOTED_INCLUDE_IN_FRAMEWORK_HEADER = YES;
				CLANG_WARN_RANGE_LOOP_ANALYSIS = YES;
				CLANG_WARN_STRICT_PROTOTYPES = YES;
				CLANG_WARN_SUSPICIOUS_MOVE = YES;
				CLANG_WARN_UNGUARDED_AVAILABILITY = YES_AGGRESSIVE;
				CLANG_WARN_UNREACHABLE_CODE = YES;
				CLANG_WARN__DUPLICATE_METHOD_MATCH = YES;
				COPY_PHASE_STRIP = NO;
				DEBUG_INFORMATION_FORMAT = "dwarf-with-dsym";
				ENABLE_NS_ASSERTIONS = NO;
				ENABLE_STRICT_OBJC_MSGSEND = YES;
				GCC_C_LANGUAGE_STANDARD = gnu11;
				GCC_NO_COMMON_BLOCKS = YES;
				GCC_WARN_64_TO_32_BIT_CONVERSION = YES;
				GCC_WARN_ABOUT_RETURN_TYPE = YES_ERROR;
				GCC_WARN_UNDECLARED_SELECTOR = YES;
				GCC_WARN_UNINITIALIZED_AUTOS = YES_AGGRESSIVE;
				GCC_WARN_UNUSED_FUNCTION = YES;
				GCC_WARN_UNUSED_VARIABLE = YES;
				IPHONEOS_DEPLOYMENT_TARGET = 15.2;
				MTL_ENABLE_DEBUG_INFO = NO;
				MTL_FAST_MATH = YES;
				SDKROOT = iphoneos;
				SWIFT_COMPILATION_MODE = wholemodule;
				SWIFT_OPTIMIZATION_LEVEL = "-O";
				VALIDATE_PRODUCT = YES;
			};
			name = Release;
		};
		608ED6A6277936CE00E94BD7 /* Debug */ = {
			isa = XCBuildConfiguration;
			buildSettings = {
				ASSETCATALOG_COMPILER_APPICON_NAME = AppIcon;
				ASSETCATALOG_COMPILER_GLOBAL_ACCENT_COLOR_NAME = AccentColor;
				ASSETCATALOG_COMPILER_INCLUDE_ALL_APPICON_ASSETS = YES;
				CODE_SIGN_STYLE = Automatic;
				CURRENT_PROJECT_VERSION = 1;
				DEVELOPMENT_ASSET_PATHS = "\"Ortis/Preview Content\"";
				ENABLE_PREVIEWS = YES;
				GENERATE_INFOPLIST_FILE = YES;
				INFOPLIST_KEY_UIApplicationSceneManifest_Generation = YES;
				INFOPLIST_KEY_UIApplicationSupportsIndirectInputEvents = YES;
				INFOPLIST_KEY_UILaunchStoryboardName = LaunchScreen;
				INFOPLIST_KEY_UISupportedInterfaceOrientations_iPad = "UIInterfaceOrientationPortrait UIInterfaceOrientationPortraitUpsideDown UIInterfaceOrientationLandscapeLeft UIInterfaceOrientationLandscapeRight";
				INFOPLIST_KEY_UISupportedInterfaceOrientations_iPhone = "UIInterfaceOrientationPortrait UIInterfaceOrientationLandscapeLeft UIInterfaceOrientationLandscapeRight";
				LD_RUNPATH_SEARCH_PATHS = (
					"$(inherited)",
					"@executable_path/Frameworks",
				);
				MARKETING_VERSION = 1.0;
				PRODUCT_BUNDLE_IDENTIFIER = Ortis.Ortis;
				PRODUCT_NAME = "$(TARGET_NAME)";
				SWIFT_EMIT_LOC_STRINGS = YES;
				SWIFT_VERSION = 5.0;
				TARGETED_DEVICE_FAMILY = "1,2";
			};
			name = Debug;
		};
		608ED6A7277936CE00E94BD7 /* Release */ = {
			isa = XCBuildConfiguration;
			buildSettings = {
				ASSETCATALOG_COMPILER_APPICON_NAME = AppIcon;
				ASSETCATALOG_COMPILER_GLOBAL_ACCENT_COLOR_NAME = AccentColor;
				ASSETCATALOG_COMPILER_INCLUDE_ALL_APPICON_ASSETS = YES;
				CODE_SIGN_STYLE = Automatic;
				CURRENT_PROJECT_VERSION = 1;
				DEVELOPMENT_ASSET_PATHS = "\"Ortis/Preview Content\"";
				ENABLE_PREVIEWS = YES;
				GENERATE_INFOPLIST_FILE = YES;
				INFOPLIST_KEY_UIApplicationSceneManifest_Generation = YES;
				INFOPLIST_KEY_UIApplicationSupportsIndirectInputEvents = YES;
				INFOPLIST_KEY_UILaunchStoryboardName = LaunchScreen;
				INFOPLIST_KEY_UISupportedInterfaceOrientations_iPad = "UIInterfaceOrientationPortrait UIInterfaceOrientationPortraitUpsideDown UIInterfaceOrientationLandscapeLeft UIInterfaceOrientationLandscapeRight";
				INFOPLIST_KEY_UISupportedInterfaceOrientations_iPhone = "UIInterfaceOrientationPortrait UIInterfaceOrientationLandscapeLeft UIInterfaceOrientationLandscapeRight";
				LD_RUNPATH_SEARCH_PATHS = (
					"$(inherited)",
					"@executable_path/Frameworks",
				);
				MARKETING_VERSION = 1.0;
				PRODUCT_BUNDLE_IDENTIFIER = Ortis.Ortis;
				PRODUCT_NAME = "$(TARGET_NAME)";
				SWIFT_EMIT_LOC_STRINGS = YES;
				SWIFT_VERSION = 5.0;
				TARGETED_DEVICE_FAMILY = "1,2";
			};
			name = Release;
		};
/* End XCBuildConfiguration section */

/* Begin XCConfigurationList section */
		608ED692277936CD00E94BD7 /* Build configuration list for PBXProject "Ortis" */ = {
			isa = XCConfigurationList;
			buildConfigurations = (
				608ED6A3277936CE00E94BD7 /* Debug */,
				608ED6A4277936CE00E94BD7 /* Release */,
			);
			defaultConfigurationIsVisible = 0;
			defaultConfigurationName = Release;
		};
		608ED6A5277936CE00E94BD7 /* Build configuration list for PBXNativeTarget "Ortis" */ = {
			isa = XCConfigurationList;
			buildConfigurations = (
				608ED6A6277936CE00E94BD7 /* Debug */,
				608ED6A7277936CE00E94BD7 /* Release */,
			);
			defaultConfigurationIsVisible = 0;
			defaultConfigurationName = Release;
		};
/* End XCConfigurationList section */
	};
	rootObject = 608ED68F277936CD00E94BD7 /* Project object */;
}
